annotated-types==0.7.0
anyio==4.13.0
atoti==0.9.15
atoti-client==0.9.15
atoti-client-parquet==0.9.15
atoti-core==0.9.15
atoti-server==0.9.15
atoti-server-parquet==0.9.15
certifi==2026.5.20
charset-normalizer==3.4.7
et_xmlfile==2.0.0
graphql-core==3.2.11
h11==0.16.0
httpcore==1.0.9
httpx==0.28.1
idna==3.18
jdk4py==21.0.8.2
numpy==2.4.6
openpyxl==3.1.5
opentelemetry-api==1.42.1
pandas==2.3.3
py4j==0.10.9.9
pyarrow==24.0.0
pydantic==2.13.4
pydantic_core==2.46.4
python-dateutil==2.9.0.post0
pytz==2026.2
requests==2.34.2
six==1.17.0
typing-inspection==0.4.2
typing_extensions==4.15.0
tzdata==2026.2
urllib3==2.7.0
